
Microsoft Visual Studio Solution File, Format Version 12.00
# Visual Studio Version 17
VisualStudioVersion = 17.8.34511.84
MinimumVisualStudioVersion = 10.0.40219.1
Project("{8BC9CEB8-8B4A-11D0-8D11-00A0C91BC942}") = "PortProtector", "PortProtector.vcxproj", "{CDFA469F-56AB-4E86-AE00-80579E6CA308}"
EndProject
Global
	GlobalSection(SolutionConfigurationPlatforms) = preSolution
		Debug|x64 = Debug|x64
		Debug|x86 = Debug|x86
		Release|x64 = Release|x64
		Release|x86 = Release|x86
	EndGlobalSection
	GlobalSection(ProjectConfigurationPlatforms) = postSolution
		{CDFA469F-56AB-4E86-AE00-80579E6CA308}.Debug|x64.ActiveCfg = Debug|x64
		{CDFA469F-56AB-4E86-AE00-80579E6CA308}.Debug|x64.Build.0 = Debug|x64
		{CDFA469F-56AB-4E86-AE00-80579E6CA308}.Debug|x86.ActiveCfg = Debug|Win32
		{CDFA469F-56AB-4E86-AE00-80579E6CA308}.Debug|x86.Build.0 = Debug|Win32
		{CDFA469F-56AB-4E86-AE00-80579E6CA308}.Release|x64.ActiveCfg = Release|x64
		{CDFA469F-56AB-4E86-AE00-80579E6CA308}.Release|x64.Build.0 = Release|x64
		{CDFA469F-56AB-4E86-AE00-80579E6CA308}.Release|x86.ActiveCfg = Release|Win32
		{CDFA469F-56AB-4E86-AE00-80579E6CA308}.Release|x86.Build.0 = Release|Win32
	EndGlobalSection
	GlobalSection(SolutionProperties) = preSolution
		HideSolutionNode = FALSE
	EndGlobalSection
	GlobalSection(ExtensibilityGlobals) = postSolution
		SolutionGuid = {47FB8F56-31AB-417D-BB01-4CDC3A099911}
	EndGlobalSection
EndGlobal
